
Microsoft Visual Studio Solution File, Format Version 12.00
# Visual Studio 15
VisualStudioVersion = 15.0.27703.2035
MinimumVisualStudioVersion = 10.0.40219.1
Project("{FAE04EC0-301F-11D3-BF4B-00C04F79EFBC}") = "GradHack_Website", "GradHack_Website\GradHack_Website.csproj", "{30A26AF5-9310-422F-83D0-CB04F833F23B}"
EndProject
Global
	GlobalSection(SolutionConfigurationPlatforms) = preSolution
		Debug|Any CPU = Debug|Any CPU
		Release|Any CPU = Release|Any CPU
	EndGlobalSection
	GlobalSection(ProjectConfigurationPlatforms) = postSolution
		{30A26AF5-9310-422F-83D0-CB04F833F23B}.Debug|Any CPU.ActiveCfg = Debug|Any CPU
		{30A26AF5-9310-422F-83D0-CB04F833F23B}.Debug|Any CPU.Build.0 = Debug|Any CPU
		{30A26AF5-9310-422F-83D0-CB04F833F23B}.Release|Any CPU.ActiveCfg = Release|Any CPU
		{30A26AF5-9310-422F-83D0-CB04F833F23B}.Release|Any CPU.Build.0 = Release|Any CPU
	EndGlobalSection
	GlobalSection(SolutionProperties) = preSolution
		HideSolutionNode = FALSE
	EndGlobalSection
	GlobalSection(ExtensibilityGlobals) = postSolution
		SolutionGuid = {1BB2FA0F-21B1-4D2C-B752-1ECB756FECE7}
	EndGlobalSection
EndGlobal
