
Microsoft Visual Studio Solution File, Format Version 12.00
# Visual Studio 15
VisualStudioVersion = 15.0.27703.2035
MinimumVisualStudioVersion = 10.0.40219.1
Project("{E24C65DC-7377-472B-9ABA-BC803B73C61A}") = "finalWebsite", "finalWebsite\", "{184A0E87-BF5E-49AD-8BAB-C116C1426344}"
	ProjectSection(WebsiteProperties) = preProject
		TargetFrameworkMoniker = ".NETFramework,Version%3Dv4.6.2"
		Debug.AspNetCompiler.VirtualPath = "/localhost_61980"
		Debug.AspNetCompiler.PhysicalPath = "finalWebsite\"
		Debug.AspNetCompiler.TargetPath = "PrecompiledWeb\localhost_61980\"
		Debug.AspNetCompiler.Updateable = "true"
		Debug.AspNetCompiler.ForceOverwrite = "true"
		Debug.AspNetCompiler.FixedNames = "false"
		Debug.AspNetCompiler.Debug = "True"
		Release.AspNetCompiler.VirtualPath = "/localhost_61980"
		Release.AspNetCompiler.PhysicalPath = "finalWebsite\"
		Release.AspNetCompiler.TargetPath = "PrecompiledWeb\localhost_61980\"
		Release.AspNetCompiler.Updateable = "true"
		Release.AspNetCompiler.ForceOverwrite = "true"
		Release.AspNetCompiler.FixedNames = "false"
		Release.AspNetCompiler.Debug = "False"
		VWDPort = "61980"
		SlnRelativePath = "finalWebsite\"
		DefaultWebSiteLanguage = "Visual C#"
	EndProjectSection
EndProject
Global
	GlobalSection(SolutionConfigurationPlatforms) = preSolution
		Debug|Any CPU = Debug|Any CPU
	EndGlobalSection
	GlobalSection(ProjectConfigurationPlatforms) = postSolution
		{184A0E87-BF5E-49AD-8BAB-C116C1426344}.Debug|Any CPU.ActiveCfg = Debug|Any CPU
		{184A0E87-BF5E-49AD-8BAB-C116C1426344}.Debug|Any CPU.Build.0 = Debug|Any CPU
	EndGlobalSection
	GlobalSection(SolutionProperties) = preSolution
		HideSolutionNode = FALSE
	EndGlobalSection
	GlobalSection(ExtensibilityGlobals) = postSolution
		SolutionGuid = {DD26B712-DBA0-435A-B20A-A883ACF7E1EB}
	EndGlobalSection
EndGlobal
