
Microsoft Visual Studio Solution File, Format Version 12.00
# Visual Studio 15
VisualStudioVersion = 15.0.27703.2035
MinimumVisualStudioVersion = 10.0.40219.1
Project("{E24C65DC-7377-472B-9ABA-BC803B73C61A}") = "WebsiteRep", "WebsiteRep\", "{71147023-2FDC-43C0-AE41-7FE9728B1D16}"
	ProjectSection(WebsiteProperties) = preProject
		TargetFrameworkMoniker = ".NETFramework,Version%3Dv4.6.2"
		Debug.AspNetCompiler.VirtualPath = "/localhost_61692"
		Debug.AspNetCompiler.PhysicalPath = "WebsiteRep\"
		Debug.AspNetCompiler.TargetPath = "PrecompiledWeb\localhost_61692\"
		Debug.AspNetCompiler.Updateable = "true"
		Debug.AspNetCompiler.ForceOverwrite = "true"
		Debug.AspNetCompiler.FixedNames = "false"
		Debug.AspNetCompiler.Debug = "True"
		Release.AspNetCompiler.VirtualPath = "/localhost_61692"
		Release.AspNetCompiler.PhysicalPath = "WebsiteRep\"
		Release.AspNetCompiler.TargetPath = "PrecompiledWeb\localhost_61692\"
		Release.AspNetCompiler.Updateable = "true"
		Release.AspNetCompiler.ForceOverwrite = "true"
		Release.AspNetCompiler.FixedNames = "false"
		Release.AspNetCompiler.Debug = "False"
		VWDPort = "61692"
		SlnRelativePath = "WebsiteRep\"
		DefaultWebSiteLanguage = "Visual C#"
	EndProjectSection
EndProject
Global
	GlobalSection(SolutionConfigurationPlatforms) = preSolution
		Debug|Any CPU = Debug|Any CPU
	EndGlobalSection
	GlobalSection(ProjectConfigurationPlatforms) = postSolution
		{71147023-2FDC-43C0-AE41-7FE9728B1D16}.Debug|Any CPU.ActiveCfg = Debug|Any CPU
		{71147023-2FDC-43C0-AE41-7FE9728B1D16}.Debug|Any CPU.Build.0 = Debug|Any CPU
	EndGlobalSection
	GlobalSection(SolutionProperties) = preSolution
		HideSolutionNode = FALSE
	EndGlobalSection
	GlobalSection(ExtensibilityGlobals) = postSolution
		SolutionGuid = {3D85245C-D622-4527-A6F8-9FC8A7DCBD92}
	EndGlobalSection
EndGlobal
